
Microsoft Visual Studio Solution File, Format Version 12.00
# Visual Studio Version 16
VisualStudioVersion = 16.0.30907.101
MinimumVisualStudioVersion = 10.0.40219.1
Project("{9A19103F-16F7-4668-BE54-9A1E7A4F7556}") = "BasicStackOperations", "BasicStackOperations\BasicStackOperations.csproj", "{8EE2110D-76B3-4A28-9F35-2C53F8F222EF}"
EndProject
Project("{9A19103F-16F7-4668-BE54-9A1E7A4F7556}") = "Fast Food", "Fast Food\Fast Food.csproj", "{E2B60710-A967-44BB-AA59-42CCB684DABE}"
EndProject
Project("{9A19103F-16F7-4668-BE54-9A1E7A4F7556}") = "SongsQueue", "SongsQueue\SongsQueue.csproj", "{F1267869-AA82-472C-A631-E415A99A5CBF}"
EndProject
Project("{9A19103F-16F7-4668-BE54-9A1E7A4F7556}") = "TruckTour", "TruckTour\TruckTour.csproj", "{BBE1BE6E-D91A-4C84-812A-15A8B60C42B3}"
EndProject
Project("{9A19103F-16F7-4668-BE54-9A1E7A4F7556}") = "Crossroads", "Crossroads\Crossroads.csproj", "{B23B6D58-06CE-457F-B62F-B55003D75BB4}"
EndProject
Project("{9A19103F-16F7-4668-BE54-9A1E7A4F7556}") = "KeyRevolver", "KeyRevolver\KeyRevolver.csproj", "{BC7F294A-54A5-4A83-8C4E-D52DFD5AAFB8}"
EndProject
Project("{9A19103F-16F7-4668-BE54-9A1E7A4F7556}") = "CupsAndBottles", "CupsAndBottles\CupsAndBottles.csproj", "{AD843CA7-55E6-4105-A291-A7702D5FDD0D}"
EndProject
Project("{9A19103F-16F7-4668-BE54-9A1E7A4F7556}") = "MinAndMaxElement", "MinAndMaxElement\MinAndMaxElement.csproj", "{B268DB4B-52AB-409A-A393-C6F0B7774053}"
EndProject
Project("{9A19103F-16F7-4668-BE54-9A1E7A4F7556}") = "FashionBoutique", "FashionBoutique\FashionBoutique.csproj", "{9261CC13-97DD-40A3-B383-0946778C944B}"
EndProject
Project("{FAE04EC0-301F-11D3-BF4B-00C04F79EFBC}") = "BalancedParantheses", "BalancedParantheses\BalancedParantheses.csproj", "{763C37F9-147F-4B7B-9C8A-39F4A6FC9071}"
EndProject
Global
	GlobalSection(SolutionConfigurationPlatforms) = preSolution
		Debug|Any CPU = Debug|Any CPU
		Release|Any CPU = Release|Any CPU
	EndGlobalSection
	GlobalSection(ProjectConfigurationPlatforms) = postSolution
		{8EE2110D-76B3-4A28-9F35-2C53F8F222EF}.Debug|Any CPU.ActiveCfg = Debug|Any CPU
		{8EE2110D-76B3-4A28-9F35-2C53F8F222EF}.Debug|Any CPU.Build.0 = Debug|Any CPU
		{8EE2110D-76B3-4A28-9F35-2C53F8F222EF}.Release|Any CPU.ActiveCfg = Release|Any CPU
		{8EE2110D-76B3-4A28-9F35-2C53F8F222EF}.Release|Any CPU.Build.0 = Release|Any CPU
		{E2B60710-A967-44BB-AA59-42CCB684DABE}.Debug|Any CPU.ActiveCfg = Debug|Any CPU
		{E2B60710-A967-44BB-AA59-42CCB684DABE}.Debug|Any CPU.Build.0 = Debug|Any CPU
		{E2B60710-A967-44BB-AA59-42CCB684DABE}.Release|Any CPU.ActiveCfg = Release|Any CPU
		{E2B60710-A967-44BB-AA59-42CCB684DABE}.Release|Any CPU.Build.0 = Release|Any CPU
		{F1267869-AA82-472C-A631-E415A99A5CBF}.Debug|Any CPU.ActiveCfg = Debug|Any CPU
		{F1267869-AA82-472C-A631-E415A99A5CBF}.Debug|Any CPU.Build.0 = Debug|Any CPU
		{F1267869-AA82-472C-A631-E415A99A5CBF}.Release|Any CPU.ActiveCfg = Release|Any CPU
		{F1267869-AA82-472C-A631-E415A99A5CBF}.Release|Any CPU.Build.0 = Release|Any CPU
		{BBE1BE6E-D91A-4C84-812A-15A8B60C42B3}.Debug|Any CPU.ActiveCfg = Debug|Any CPU
		{BBE1BE6E-D91A-4C84-812A-15A8B60C42B3}.Debug|Any CPU.Build.0 = Debug|Any CPU
		{BBE1BE6E-D91A-4C84-812A-15A8B60C42B3}.Release|Any CPU.ActiveCfg = Release|Any CPU
		{BBE1BE6E-D91A-4C84-812A-15A8B60C42B3}.Release|Any CPU.Build.0 = Release|Any CPU
		{B23B6D58-06CE-457F-B62F-B55003D75BB4}.Debug|Any CPU.ActiveCfg = Debug|Any CPU
		{B23B6D58-06CE-457F-B62F-B55003D75BB4}.Debug|Any CPU.Build.0 = Debug|Any CPU
		{B23B6D58-06CE-457F-B62F-B55003D75BB4}.Release|Any CPU.ActiveCfg = Release|Any CPU
		{B23B6D58-06CE-457F-B62F-B55003D75BB4}.Release|Any CPU.Build.0 = Release|Any CPU
		{BC7F294A-54A5-4A83-8C4E-D52DFD5AAFB8}.Debug|Any CPU.ActiveCfg = Debug|Any CPU
		{BC7F294A-54A5-4A83-8C4E-D52DFD5AAFB8}.Debug|Any CPU.Build.0 = Debug|Any CPU
		{BC7F294A-54A5-4A83-8C4E-D52DFD5AAFB8}.Release|Any CPU.ActiveCfg = Release|Any CPU
		{BC7F294A-54A5-4A83-8C4E-D52DFD5AAFB8}.Release|Any CPU.Build.0 = Release|Any CPU
		{AD843CA7-55E6-4105-A291-A7702D5FDD0D}.Debug|Any CPU.ActiveCfg = Debug|Any CPU
		{AD843CA7-55E6-4105-A291-A7702D5FDD0D}.Debug|Any CPU.Build.0 = Debug|Any CPU
		{AD843CA7-55E6-4105-A291-A7702D5FDD0D}.Release|Any CPU.ActiveCfg = Release|Any CPU
		{AD843CA7-55E6-4105-A291-A7702D5FDD0D}.Release|Any CPU.Build.0 = Release|Any CPU
		{B268DB4B-52AB-409A-A393-C6F0B7774053}.Debug|Any CPU.ActiveCfg = Debug|Any CPU
		{B268DB4B-52AB-409A-A393-C6F0B7774053}.Debug|Any CPU.Build.0 = Debug|Any CPU
		{B268DB4B-52AB-409A-A393-C6F0B7774053}.Release|Any CPU.ActiveCfg = Release|Any CPU
		{B268DB4B-52AB-409A-A393-C6F0B7774053}.Release|Any CPU.Build.0 = Release|Any CPU
		{9261CC13-97DD-40A3-B383-0946778C944B}.Debug|Any CPU.ActiveCfg = Debug|Any CPU
		{9261CC13-97DD-40A3-B383-0946778C944B}.Debug|Any CPU.Build.0 = Debug|Any CPU
		{9261CC13-97DD-40A3-B383-0946778C944B}.Release|Any CPU.ActiveCfg = Release|Any CPU
		{9261CC13-97DD-40A3-B383-0946778C944B}.Release|Any CPU.Build.0 = Release|Any CPU
		{763C37F9-147F-4B7B-9C8A-39F4A6FC9071}.Debug|Any CPU.ActiveCfg = Debug|Any CPU
		{763C37F9-147F-4B7B-9C8A-39F4A6FC9071}.Debug|Any CPU.Build.0 = Debug|Any CPU
		{763C37F9-147F-4B7B-9C8A-39F4A6FC9071}.Release|Any CPU.ActiveCfg = Release|Any CPU
		{763C37F9-147F-4B7B-9C8A-39F4A6FC9071}.Release|Any CPU.Build.0 = Release|Any CPU
	EndGlobalSection
	GlobalSection(SolutionProperties) = preSolution
		HideSolutionNode = FALSE
	EndGlobalSection
	GlobalSection(ExtensibilityGlobals) = postSolution
		SolutionGuid = {FE457794-DC57-4D75-B6B5-AE64945D7A33}
	EndGlobalSection
EndGlobal
