
Microsoft Visual Studio Solution File, Format Version 12.00
# Visual Studio Version 16
VisualStudioVersion = 16.0.30907.101
MinimumVisualStudioVersion = 10.0.40219.1
Project("{9A19103F-16F7-4668-BE54-9A1E7A4F7556}") = "BasicStackOperations", "BasicStackOperations\BasicStackOperations.csproj", "{8EE2110D-76B3-4A28-9F35-2C53F8F222EF}"
EndProject
Project("{FAE04EC0-301F-11D3-BF4B-00C04F79EFBC}") = "Fast Food", "Fast Food\Fast Food.csproj", "{E2B60710-A967-44BB-AA59-42CCB684DABE}"
EndProject
Project("{FAE04EC0-301F-11D3-BF4B-00C04F79EFBC}") = "SongsQueue", "SongsQueue\SongsQueue.csproj", "{F1267869-AA82-472C-A631-E415A99A5CBF}"
EndProject
Project("{FAE04EC0-301F-11D3-BF4B-00C04F79EFBC}") = "TruckTour", "TruckTour\TruckTour.csproj", "{BBE1BE6E-D91A-4C84-812A-15A8B60C42B3}"
EndProject
Project("{FAE04EC0-301F-11D3-BF4B-00C04F79EFBC}") = "Crossroads", "Crossroads\Crossroads.csproj", "{B23B6D58-06CE-457F-B62F-B55003D75BB4}"
EndProject
Project("{FAE04EC0-301F-11D3-BF4B-00C04F79EFBC}") = "KeyRevolver", "KeyRevolver\KeyRevolver.csproj", "{BC7F294A-54A5-4A83-8C4E-D52DFD5AAFB8}"
EndProject
Global
	GlobalSection(SolutionConfigurationPlatforms) = preSolution
		Debug|Any CPU = Debug|Any CPU
		Release|Any CPU = Release|Any CPU
	EndGlobalSection
	GlobalSection(ProjectConfigurationPlatforms) = postSolution
		{8EE2110D-76B3-4A28-9F35-2C53F8F222EF}.Debug|Any CPU.ActiveCfg = Debug|Any CPU
		{8EE2110D-76B3-4A28-9F35-2C53F8F222EF}.Debug|Any CPU.Build.0 = Debug|Any CPU
		{8EE2110D-76B3-4A28-9F35-2C53F8F222EF}.Release|Any CPU.ActiveCfg = Release|Any CPU
		{8EE2110D-76B3-4A28-9F35-2C53F8F222EF}.Release|Any CPU.Build.0 = Release|Any CPU
		{E2B60710-A967-44BB-AA59-42CCB684DABE}.Debug|Any CPU.ActiveCfg = Debug|Any CPU
		{E2B60710-A967-44BB-AA59-42CCB684DABE}.Debug|Any CPU.Build.0 = Debug|Any CPU
		{E2B60710-A967-44BB-AA59-42CCB684DABE}.Release|Any CPU.ActiveCfg = Release|Any CPU
		{E2B60710-A967-44BB-AA59-42CCB684DABE}.Release|Any CPU.Build.0 = Release|Any CPU
		{F1267869-AA82-472C-A631-E415A99A5CBF}.Debug|Any CPU.ActiveCfg = Debug|Any CPU
		{F1267869-AA82-472C-A631-E415A99A5CBF}.Debug|Any CPU.Build.0 = Debug|Any CPU
		{F1267869-AA82-472C-A631-E415A99A5CBF}.Release|Any CPU.ActiveCfg = Release|Any CPU
		{F1267869-AA82-472C-A631-E415A99A5CBF}.Release|Any CPU.Build.0 = Release|Any CPU
		{BBE1BE6E-D91A-4C84-812A-15A8B60C42B3}.Debug|Any CPU.ActiveCfg = Debug|Any CPU
		{BBE1BE6E-D91A-4C84-812A-15A8B60C42B3}.Debug|Any CPU.Build.0 = Debug|Any CPU
		{BBE1BE6E-D91A-4C84-812A-15A8B60C42B3}.Release|Any CPU.ActiveCfg = Release|Any CPU
		{BBE1BE6E-D91A-4C84-812A-15A8B60C42B3}.Release|Any CPU.Build.0 = Release|Any CPU
		{B23B6D58-06CE-457F-B62F-B55003D75BB4}.Debug|Any CPU.ActiveCfg = Debug|Any CPU
		{B23B6D58-06CE-457F-B62F-B55003D75BB4}.Debug|Any CPU.Build.0 = Debug|Any CPU
		{B23B6D58-06CE-457F-B62F-B55003D75BB4}.Release|Any CPU.ActiveCfg = Release|Any CPU
		{B23B6D58-06CE-457F-B62F-B55003D75BB4}.Release|Any CPU.Build.0 = Release|Any CPU
		{BC7F294A-54A5-4A83-8C4E-D52DFD5AAFB8}.Debug|Any CPU.ActiveCfg = Debug|Any CPU
		{BC7F294A-54A5-4A83-8C4E-D52DFD5AAFB8}.Debug|Any CPU.Build.0 = Debug|Any CPU
		{BC7F294A-54A5-4A83-8C4E-D52DFD5AAFB8}.Release|Any CPU.ActiveCfg = Release|Any CPU
		{BC7F294A-54A5-4A83-8C4E-D52DFD5AAFB8}.Release|Any CPU.Build.0 = Release|Any CPU
	EndGlobalSection
	GlobalSection(SolutionProperties) = preSolution
		HideSolutionNode = FALSE
	EndGlobalSection
	GlobalSection(ExtensibilityGlobals) = postSolution
		SolutionGuid = {FE457794-DC57-4D75-B6B5-AE64945D7A33}
	EndGlobalSection
EndGlobal
